
Microsoft Visual Studio Solution File, Format Version 12.00
# Visual Studio Version 17
VisualStudioVersion = 17.0.31903.59
MinimumVisualStudioVersion = 10.0.40219.1
Project("{2150E333-8FDC-42A3-9474-1A3956D46DE8}") = "src", "src", "{3150B94E-A3AA-45B2-9501-D9E58A4D59CA}"
EndProject
Project("{FAE04EC0-301F-11D3-BF4B-00C04F79EFBC}") = "RayTracer", "src\RayTracer\RayTracer.csproj", "{B5DE37CC-94E6-4C38-82DB-3282E8DC61CC}"
EndProject
Project("{2150E333-8FDC-42A3-9474-1A3956D46DE8}") = "test", "test", "{0423C1D7-F68F-4578-B7BD-3BBFFFF55E68}"
EndProject
Project("{FAE04EC0-301F-11D3-BF4B-00C04F79EFBC}") = "RayTracer.Tests", "test\RayTracer.Tests\RayTracer.Tests.csproj", "{C6132609-BFDB-4ED8-9226-C99CB9C2C0DB}"
EndProject
Global
	GlobalSection(SolutionConfigurationPlatforms) = preSolution
		Debug|Any CPU = Debug|Any CPU
		Release|Any CPU = Release|Any CPU
	EndGlobalSection
	GlobalSection(SolutionProperties) = preSolution
		HideSolutionNode = FALSE
	EndGlobalSection
	GlobalSection(ProjectConfigurationPlatforms) = postSolution
		{B5DE37CC-94E6-4C38-82DB-3282E8DC61CC}.Debug|Any CPU.ActiveCfg = Debug|Any CPU
		{B5DE37CC-94E6-4C38-82DB-3282E8DC61CC}.Debug|Any CPU.Build.0 = Debug|Any CPU
		{B5DE37CC-94E6-4C38-82DB-3282E8DC61CC}.Release|Any CPU.ActiveCfg = Release|Any CPU
		{B5DE37CC-94E6-4C38-82DB-3282E8DC61CC}.Release|Any CPU.Build.0 = Release|Any CPU
		{C6132609-BFDB-4ED8-9226-C99CB9C2C0DB}.Debug|Any CPU.ActiveCfg = Debug|Any CPU
		{C6132609-BFDB-4ED8-9226-C99CB9C2C0DB}.Debug|Any CPU.Build.0 = Debug|Any CPU
		{C6132609-BFDB-4ED8-9226-C99CB9C2C0DB}.Release|Any CPU.ActiveCfg = Release|Any CPU
		{C6132609-BFDB-4ED8-9226-C99CB9C2C0DB}.Release|Any CPU.Build.0 = Release|Any CPU
	EndGlobalSection
	GlobalSection(NestedProjects) = preSolution
		{B5DE37CC-94E6-4C38-82DB-3282E8DC61CC} = {3150B94E-A3AA-45B2-9501-D9E58A4D59CA}
		{C6132609-BFDB-4ED8-9226-C99CB9C2C0DB} = {0423C1D7-F68F-4578-B7BD-3BBFFFF55E68}
	EndGlobalSection
EndGlobal
